
Microsoft Visual Studio Solution File, Format Version 12.00
# Visual Studio Version 16
VisualStudioVersion = 16.0.29709.97
MinimumVisualStudioVersion = 10.0.40219.1
Project("{2150E333-8FDC-42A3-9474-1A3956D46DE8}") = "Domain", "Domain", "{ADA59CF4-4158-4B53-BAA2-02D36812810B}"
EndProject
Project("{2150E333-8FDC-42A3-9474-1A3956D46DE8}") = "Microservices", "Microservices", "{A7606A58-8D03-4E94-9A93-DAE405C23885}"
EndProject
Project("{2150E333-8FDC-42A3-9474-1A3956D46DE8}") = "Presentation", "Presentation", "{14E79990-553C-4F5D-BE4A-3AFEC7571E5C}"
EndProject
Project("{2150E333-8FDC-42A3-9474-1A3956D46DE8}") = "Infra.Bus", "Infra.Bus", "{C28EFE4C-6841-4948-B314-C257CEEF1F73}"
EndProject
Project("{2150E333-8FDC-42A3-9474-1A3956D46DE8}") = "Infra.IoC", "Infra.IoC", "{2E6BD86E-CF72-4B17-B27F-FC5166F1079F}"
EndProject
Project("{FAE04EC0-301F-11D3-BF4B-00C04F79EFBC}") = "MicroRabbit.Domain.Core", "Domain\MicroRabbit.Domain.Core\MicroRabbit.Domain.Core.csproj", "{CA4314C7-5024-4946-92CB-4ACE3BD2C91E}"
EndProject
Global
	GlobalSection(SolutionConfigurationPlatforms) = preSolution
		Debug|Any CPU = Debug|Any CPU
		Release|Any CPU = Release|Any CPU
	EndGlobalSection
	GlobalSection(ProjectConfigurationPlatforms) = postSolution
		{CA4314C7-5024-4946-92CB-4ACE3BD2C91E}.Debug|Any CPU.ActiveCfg = Debug|Any CPU
		{CA4314C7-5024-4946-92CB-4ACE3BD2C91E}.Debug|Any CPU.Build.0 = Debug|Any CPU
		{CA4314C7-5024-4946-92CB-4ACE3BD2C91E}.Release|Any CPU.ActiveCfg = Release|Any CPU
		{CA4314C7-5024-4946-92CB-4ACE3BD2C91E}.Release|Any CPU.Build.0 = Release|Any CPU
	EndGlobalSection
	GlobalSection(SolutionProperties) = preSolution
		HideSolutionNode = FALSE
	EndGlobalSection
	GlobalSection(NestedProjects) = preSolution
		{CA4314C7-5024-4946-92CB-4ACE3BD2C91E} = {ADA59CF4-4158-4B53-BAA2-02D36812810B}
	EndGlobalSection
	GlobalSection(ExtensibilityGlobals) = postSolution
		SolutionGuid = {07F4820D-9489-4DC4-AE95-B91CC1EA5978}
	EndGlobalSection
EndGlobal
